
Microsoft Visual Studio Solution File, Format Version 12.00
# Visual Studio Version 17
VisualStudioVersion = 17.14.36408.4 d17.14
MinimumVisualStudioVersion = 10.0.40219.1
Project("{FAE04EC0-301F-11D3-BF4B-00C04F79EFBC}") = "WinFormsApp2", "WinFormsApp2\WinFormsApp2.csproj", "{5845952A-E391-4A07-A6BD-5302E0856F20}"
EndProject
Global
	GlobalSection(SolutionConfigurationPlatforms) = preSolution
		Debug|Any CPU = Debug|Any CPU
		Release|Any CPU = Release|Any CPU
	EndGlobalSection
	GlobalSection(ProjectConfigurationPlatforms) = postSolution
		{5845952A-E391-4A07-A6BD-5302E0856F20}.Debug|Any CPU.ActiveCfg = Debug|Any CPU
		{5845952A-E391-4A07-A6BD-5302E0856F20}.Debug|Any CPU.Build.0 = Debug|Any CPU
		{5845952A-E391-4A07-A6BD-5302E0856F20}.Release|Any CPU.ActiveCfg = Release|Any CPU
		{5845952A-E391-4A07-A6BD-5302E0856F20}.Release|Any CPU.Build.0 = Release|Any CPU
	EndGlobalSection
	GlobalSection(SolutionProperties) = preSolution
		HideSolutionNode = FALSE
	EndGlobalSection
	GlobalSection(ExtensibilityGlobals) = postSolution
		SolutionGuid = {58D567C2-CA80-4553-81BF-58BEA4B1DA80}
	EndGlobalSection
EndGlobal
